// !$*UTF8*$!
{
	archiveVersion = 1;
	classes = {
	};
	objectVersion = 51;
	objects = {

/* Begin PBXBuildFile section */
		78FB0596D8E230449B0F7533 /* Pods_flixsterTests.framework in Frameworks */ = {isa = PBXBuildFile; fileRef = 13BF9C6AEAB82F729E5A8CA0 /* Pods_flixsterTests.framework */; };
		AB1E63D944A8918D39148712 /* Pods_flixster_flixsterUITests.framework in Frameworks */ = {isa = PBXBuildFile; fileRef = 39FD6184139307BDC912A9BF /* Pods_flixster_flixsterUITests.framework */; };
		C030373E25DEC2DC00B9F575 /* LaunchScreen.storyboard in Resources */ = {isa = PBXBuildFile; fileRef = C030373D25DEC2DC00B9F575 /* LaunchScreen.storyboard */; };
		C0AD61D425DC13B60024670D /* AppDelegate.swift in Sources */ = {isa = PBXBuildFile; fileRef = C0AD61D325DC13B60024670D /* AppDelegate.swift */; };
		C0AD61D625DC13B60024670D /* SceneDelegate.swift in Sources */ = {isa = PBXBuildFile; fileRef = C0AD61D525DC13B60024670D /* SceneDelegate.swift */; };
		C0AD61DB25DC13B60024670D /* Main.storyboard in Resources */ = {isa = PBXBuildFile; fileRef = C0AD61D925DC13B60024670D /* Main.storyboard */; };
		C0AD61DD25DC13BC0024670D /* Assets.xcassets in Resources */ = {isa = PBXBuildFile; fileRef = C0AD61DC25DC13BC0024670D /* Assets.xcassets */; };
		C0AD61EB25DC13BC0024670D /* flixsterTests.swift in Sources */ = {isa = PBXBuildFile; fileRef = C0AD61EA25DC13BC0024670D /* flixsterTests.swift */; };
		C0AD61F625DC13BC0024670D /* flixsterUITests.swift in Sources */ = {isa = PBXBuildFile; fileRef = C0AD61F525DC13BC0024670D /* flixsterUITests.swift */; };
		C0AD620425DC156D0024670D /* MoviesViewController.swift in Sources */ = {isa = PBXBuildFile; fileRef = C0AD620325DC156D0024670D /* MoviesViewController.swift */; };
		C0AD622425DC26EC0024670D /* MovieCell.swift in Sources */ = {isa = PBXBuildFile; fileRef = C0AD622325DC26EC0024670D /* MovieCell.swift */; };
		DB51BC9F541694AB5BAE9ACC /* Pods_flixster.framework in Frameworks */ = {isa = PBXBuildFile; fileRef = B9E434DCE6547EFEE567702E /* Pods_flixster.framework */; };
/* End PBXBuildFile section */

/* Begin PBXContainerItemProxy section */
		C0AD61E725DC13BC0024670D /* PBXContainerItemProxy */ = {
			isa = PBXContainerItemProxy;
			containerPortal = C0AD61C825DC13B60024670D /* Project object */;
			proxyType = 1;
			remoteGlobalIDString = C0AD61CF25DC13B60024670D;
			remoteInfo = flixster;
		};
		C0AD61F225DC13BC0024670D /* PBXContainerItemProxy */ = {
			isa = PBXContainerItemProxy;
			containerPortal = C0AD61C825DC13B60024670D /* Project object */;
			proxyType = 1;
			remoteGlobalIDString = C0AD61CF25DC13B60024670D;
			remoteInfo = flixster;
		};
/* End PBXContainerItemProxy section */

/* Begin PBXFileReference section */
		13BF9C6AEAB82F729E5A8CA0 /* Pods_flixsterTests.framework */ = {isa = PBXFileReference; explicitFileType = wrapper.framework; includeInIndex = 0; path = Pods_flixsterTests.framework; sourceTree = BUILT_PRODUCTS_DIR; };
		14754A5B64132B2EDFBEF7FC /* Pods-flixster.release.xcconfig */ = {isa = PBXFileReference; includeInIndex = 1; lastKnownFileType = text.xcconfig; name = "Pods-flixster.release.xcconfig"; path = "Target Support Files/Pods-flixster/Pods-flixster.release.xcconfig"; sourceTree = "<group>"; };
		39FD6184139307BDC912A9BF /* Pods_flixster_flixsterUITests.framework */ = {isa = PBXFileReference; explicitFileType = wrapper.framework; includeInIndex = 0; path = Pods_flixster_flixsterUITests.framework; sourceTree = BUILT_PRODUCTS_DIR; };
		43A0D0AA6A9A24FEB22ADD5E /* Pods-flixsterTests.debug.xcconfig */ = {isa = PBXFileReference; includeInIndex = 1; lastKnownFileType = text.xcconfig; name = "Pods-flixsterTests.debug.xcconfig"; path = "Target Support Files/Pods-flixsterTests/Pods-flixsterTests.debug.xcconfig"; sourceTree = "<group>"; };
		98B544872A755FE11ABC0DF9 /* Pods-flixster.debug.xcconfig */ = {isa = PBXFileReference; includeInIndex = 1; lastKnownFileType = text.xcconfig; name = "Pods-flixster.debug.xcconfig"; path = "Target Support Files/Pods-flixster/Pods-flixster.debug.xcconfig"; sourceTree = "<group>"; };
		B9E434DCE6547EFEE567702E /* Pods_flixster.framework */ = {isa = PBXFileReference; explicitFileType = wrapper.framework; includeInIndex = 0; path = Pods_flixster.framework; sourceTree = BUILT_PRODUCTS_DIR; };
		C030373D25DEC2DC00B9F575 /* LaunchScreen.storyboard */ = {isa = PBXFileReference; lastKnownFileType = file.storyboard; path = LaunchScreen.storyboard; sourceTree = "<group>"; };
		C0AD61D025DC13B60024670D /* flixster.app */ = {isa = PBXFileReference; explicitFileType = wrapper.application; includeInIndex = 0; path = flixster.app; sourceTree = BUILT_PRODUCTS_DIR; };
		C0AD61D325DC13B60024670D /* AppDelegate.swift */ = {isa = PBXFileReference; lastKnownFileType = sourcecode.swift; path = AppDelegate.swift; sourceTree = "<group>"; };
		C0AD61D525DC13B60024670D /* SceneDelegate.swift */ = {isa = PBXFileReference; lastKnownFileType = sourcecode.swift; path = SceneDelegate.swift; sourceTree = "<group>"; };
		C0AD61DA25DC13B60024670D /* Base */ = {isa = PBXFileReference; lastKnownFileType = file.storyboard; name = Base; path = Base.lproj/Main.storyboard; sourceTree = "<group>"; };
		C0AD61DC25DC13BC0024670D /* Assets.xcassets */ = {isa = PBXFileReference; lastKnownFileType = folder.assetcatalog; path = Assets.xcassets; sourceTree = "<group>"; };
		C0AD61E125DC13BC0024670D /* Info.plist */ = {isa = PBXFileReference; lastKnownFileType = text.plist.xml; path = Info.plist; sourceTree = "<group>"; };
		C0AD61E625DC13BC0024670D /* flixsterTests.xctest */ = {isa = PBXFileReference; explicitFileType = wrapper.cfbundle; includeInIndex = 0; path = flixsterTests.xctest; sourceTree = BUILT_PRODUCTS_DIR; };
		C0AD61EA25DC13BC0024670D /* flixsterTests.swift */ = {isa = PBXFileReference; lastKnownFileType = sourcecode.swift; path = flixsterTests.swift; sourceTree = "<group>"; };
		C0AD61EC25DC13BC0024670D /* Info.plist */ = {isa = PBXFileReference; lastKnownFileType = text.plist.xml; path = Info.plist; sourceTree = "<group>"; };
		C0AD61F125DC13BC0024670D /* flixsterUITests.xctest */ = {isa = PBXFileReference; explicitFileType = wrapper.cfbundle; includeInIndex = 0; path = flixsterUITests.xctest; sourceTree = BUILT_PRODUCTS_DIR; };
		C0AD61F525DC13BC0024670D /* flixsterUITests.swift */ = {isa = PBXFileReference; lastKnownFileType = sourcecode.swift; path = flixsterUITests.swift; sourceTree = "<group>"; };
		C0AD61F725DC13BC0024670D /* Info.plist */ = {isa = PBXFileReference; lastKnownFileType = text.plist.xml; path = Info.plist; sourceTree = "<group>"; };
		C0AD620325DC156D0024670D /* MoviesViewController.swift */ = {isa = PBXFileReference; lastKnownFileType = sourcecode.swift; path = MoviesViewController.swift; sourceTree = "<group>"; };
		C0AD622325DC26EC0024670D /* MovieCell.swift */ = {isa = PBXFileReference; lastKnownFileType = sourcecode.swift; path = MovieCell.swift; sourceTree = "<group>"; };
		C5C65639FE591B1703E13875 /* Pods-flixster-flixsterUITests.debug.xcconfig */ = {isa = PBXFileReference; includeInIndex = 1; lastKnownFileType = text.xcconfig; name = "Pods-flixster-flixsterUITests.debug.xcconfig"; path = "Target Support Files/Pods-flixster-flixsterUITests/Pods-flixster-flixsterUITests.debug.xcconfig"; sourceTree = "<group>"; };
		D4027D6C8EF0DC65CF4347D7 /* Pods-flixsterTests.release.xcconfig */ = {isa = PBXFileReference; includeInIndex = 1; lastKnownFileType = text.xcconfig; name = "Pods-flixsterTests.release.xcconfig"; path = "Target Support Files/Pods-flixsterTests/Pods-flixsterTests.release.xcconfig"; sourceTree = "<group>"; };
		D707EA541A70AD78A53B5A53 /* Pods-flixster-flixsterUITests.release.xcconfig */ = {isa = PBXFileReference; includeInIndex = 1; lastKnownFileType = text.xcconfig; name = "Pods-flixster-flixsterUITests.release.xcconfig"; path = "Target Support Files/Pods-flixster-flixsterUITests/Pods-flixster-flixsterUITests.release.xcconfig"; sourceTree = "<group>"; };
/* End PBXFileReference section */

/* Begin PBXFrameworksBuildPhase section */
		C0AD61CD25DC13B60024670D /* Frameworks */ = {
			isa = PBXFrameworksBuildPhase;
			buildActionMask = 2147483647;
			files = (
				DB51BC9F541694AB5BAE9ACC /* Pods_flixster.framework in Frameworks */,
			);
			runOnlyForDeploymentPostprocessing = 0;
		};
		C0AD61E325DC13BC0024670D /* Frameworks */ = {
			isa = PBXFrameworksBuildPhase;
			buildActionMask = 2147483647;
			files = (
				78FB0596D8E230449B0F7533 /* Pods_flixsterTests.framework in Frameworks */,
			);
			runOnlyForDeploymentPostprocessing = 0;
		};
		C0AD61EE25DC13BC0024670D /* Frameworks */ = {
			isa = PBXFrameworksBuildPhase;
			buildActionMask = 2147483647;
			files = (
				AB1E63D944A8918D39148712 /* Pods_flixster_flixsterUITests.framework in Frameworks */,
			);
			runOnlyForDeploymentPostprocessing = 0;
		};
/* End PBXFrameworksBuildPhase section */

/* Begin PBXGroup section */
		02E0430249C26114DAA2FDDB /* Frameworks */ = {
			isa = PBXGroup;
			children = (
				B9E434DCE6547EFEE567702E /* Pods_flixster.framework */,
				39FD6184139307BDC912A9BF /* Pods_flixster_flixsterUITests.framework */,
				13BF9C6AEAB82F729E5A8CA0 /* Pods_flixsterTests.framework */,
			);
			name = Frameworks;
			sourceTree = "<group>";
		};
		64E97C5D765DFB14FCF9CC0E /* Pods */ = {
			isa = PBXGroup;
			children = (
				98B544872A755FE11ABC0DF9 /* Pods-flixster.debug.xcconfig */,
				14754A5B64132B2EDFBEF7FC /* Pods-flixster.release.xcconfig */,
				C5C65639FE591B1703E13875 /* Pods-flixster-flixsterUITests.debug.xcconfig */,
				D707EA541A70AD78A53B5A53 /* Pods-flixster-flixsterUITests.release.xcconfig */,
				43A0D0AA6A9A24FEB22ADD5E /* Pods-flixsterTests.debug.xcconfig */,
				D4027D6C8EF0DC65CF4347D7 /* Pods-flixsterTests.release.xcconfig */,
			);
			path = Pods;
			sourceTree = "<group>";
		};
		C0AD61C725DC13B60024670D = {
			isa = PBXGroup;
			children = (
				C0AD61D225DC13B60024670D /* flixster */,
				C0AD61E925DC13BC0024670D /* flixsterTests */,
				C0AD61F425DC13BC0024670D /* flixsterUITests */,
				C0AD61D125DC13B60024670D /* Products */,
				64E97C5D765DFB14FCF9CC0E /* Pods */,
				02E0430249C26114DAA2FDDB /* Frameworks */,
			);
			sourceTree = "<group>";
		};
		C0AD61D125DC13B60024670D /* Products */ = {
			isa = PBXGroup;
			children = (
				C0AD61D025DC13B60024670D /* flixster.app */,
				C0AD61E625DC13BC0024670D /* flixsterTests.xctest */,
				C0AD61F125DC13BC0024670D /* flixsterUITests.xctest */,
			);
			name = Products;
			sourceTree = "<group>";
		};
		C0AD61D225DC13B60024670D /* flixster */ = {
			isa = PBXGroup;
			children = (
				C0AD61D325DC13B60024670D /* AppDelegate.swift */,
				C0AD61D525DC13B60024670D /* SceneDelegate.swift */,
				C0AD61D925DC13B60024670D /* Main.storyboard */,
				C0AD61DC25DC13BC0024670D /* Assets.xcassets */,
				C0AD61E125DC13BC0024670D /* Info.plist */,
				C0AD620325DC156D0024670D /* MoviesViewController.swift */,
				C0AD622325DC26EC0024670D /* MovieCell.swift */,
				C030373D25DEC2DC00B9F575 /* LaunchScreen.storyboard */,
			);
			path = flixster;
			sourceTree = "<group>";
		};
		C0AD61E925DC13BC0024670D /* flixsterTests */ = {
			isa = PBXGroup;
			children = (
				C0AD61EA25DC13BC0024670D /* flixsterTests.swift */,
				C0AD61EC25DC13BC0024670D /* Info.plist */,
			);
			path = flixsterTests;
			sourceTree = "<group>";
		};
		C0AD61F425DC13BC0024670D /* flixsterUITests */ = {
			isa = PBXGroup;
			children = (
				C0AD61F525DC13BC0024670D /* flixsterUITests.swift */,
				C0AD61F725DC13BC0024670D /* Info.plist */,
			);
			path = flixsterUITests;
			sourceTree = "<group>";
		};
/* End PBXGroup section */

/* Begin PBXNativeTarget section */
		C0AD61CF25DC13B60024670D /* flixster */ = {
			isa = PBXNativeTarget;
			buildConfigurationList = C0AD61FA25DC13BC0024670D /* Build configuration list for PBXNativeTarget "flixster" */;
			buildPhases = (
				4A5D2B1635BF928E58D67A1F /* [CP] Check Pods Manifest.lock */,
				C0AD61CC25DC13B60024670D /* Sources */,
				C0AD61CD25DC13B60024670D /* Frameworks */,
				C0AD61CE25DC13B60024670D /* Resources */,
				DF209AB7AEB79D6CD317C031 /* [CP] Embed Pods Frameworks */,
			);
			buildRules = (
			);
			dependencies = (
			);
			name = flixster;
			productName = flixster;
			productReference = C0AD61D025DC13B60024670D /* flixster.app */;
			productType = "com.apple.product-type.application";
		};
		C0AD61E525DC13BC0024670D /* flixsterTests */ = {
			isa = PBXNativeTarget;
			buildConfigurationList = C0AD61FD25DC13BC0024670D /* Build configuration list for PBXNativeTarget "flixsterTests" */;
			buildPhases = (
				389FAD5A56FA8E97A463DA21 /* [CP] Check Pods Manifest.lock */,
				C0AD61E225DC13BC0024670D /* Sources */,
				C0AD61E325DC13BC0024670D /* Frameworks */,
				C0AD61E425DC13BC0024670D /* Resources */,
			);
			buildRules = (
			);
			dependencies = (
				C0AD61E825DC13BC0024670D /* PBXTargetDependency */,
			);
			name = flixsterTests;
			productName = flixsterTests;
			productReference = C0AD61E625DC13BC0024670D /* flixsterTests.xctest */;
			productType = "com.apple.product-type.bundle.unit-test";
		};
		C0AD61F025DC13BC0024670D /* flixsterUITests */ = {
			isa = PBXNativeTarget;
			buildConfigurationList = C0AD620025DC13BC0024670D /* Build configuration list for PBXNativeTarget "flixsterUITests" */;
			buildPhases = (
				F73493760750781DF4094BF6 /* [CP] Check Pods Manifest.lock */,
				C0AD61ED25DC13BC0024670D /* Sources */,
				C0AD61EE25DC13BC0024670D /* Frameworks */,
				C0AD61EF25DC13BC0024670D /* Resources */,
				156DD3863FA41B35D1C284FF /* [CP] Embed Pods Frameworks */,
			);
			buildRules = (
			);
			dependencies = (
				C0AD61F325DC13BC0024670D /* PBXTargetDependency */,
			);
			name = flixsterUITests;
			productName = flixsterUITests;
			productReference = C0AD61F125DC13BC0024670D /* flixsterUITests.xctest */;
			productType = "com.apple.product-type.bundle.ui-testing";
		};
/* End PBXNativeTarget section */

/* Begin PBXProject section */
		C0AD61C825DC13B60024670D /* Project object */ = {
			isa = PBXProject;
			attributes = {
				LastSwiftUpdateCheck = 1130;
				LastUpgradeCheck = 1130;
				ORGANIZATIONNAME = "yajur.tomar@gmail.com";
				TargetAttributes = {
					C0AD61CF25DC13B60024670D = {
						CreatedOnToolsVersion = 11.3.1;
					};
					C0AD61E525DC13BC0024670D = {
						CreatedOnToolsVersion = 11.3.1;
						TestTargetID = C0AD61CF25DC13B60024670D;
					};
					C0AD61F025DC13BC0024670D = {
						CreatedOnToolsVersion = 11.3.1;
						TestTargetID = C0AD61CF25DC13B60024670D;
					};
				};
			};
			buildConfigurationList = C0AD61CB25DC13B60024670D /* Build configuration list for PBXProject "flixster" */;
			compatibilityVersion = "Xcode 9.3";
			developmentRegion = en;
			hasScannedForEncodings = 0;
			knownRegions = (
				en,
				Base,
			);
			mainGroup = C0AD61C725DC13B60024670D;
			productRefGroup = C0AD61D125DC13B60024670D /* Products */;
			projectDirPath = "";
			projectRoot = "";
			targets = (
				C0AD61CF25DC13B60024670D /* flixster */,
				C0AD61E525DC13BC0024670D /* flixsterTests */,
				C0AD61F025DC13BC0024670D /* flixsterUITests */,
			);
		};
/* End PBXProject section */

/* Begin PBXResourcesBuildPhase section */
		C0AD61CE25DC13B60024670D /* Resources */ = {
			isa = PBXResourcesBuildPhase;
			buildActionMask = 2147483647;
			files = (
				C030373E25DEC2DC00B9F575 /* LaunchScreen.storyboard in Resources */,
				C0AD61DD25DC13BC0024670D /* Assets.xcassets in Resources */,
				C0AD61DB25DC13B60024670D /* Main.storyboard in Resources */,
			);
			runOnlyForDeploymentPostprocessing = 0;
		};
		C0AD61E425DC13BC0024670D /* Resources */ = {
			isa = PBXResourcesBuildPhase;
			buildActionMask = 2147483647;
			files = (
			);
			runOnlyForDeploymentPostprocessing = 0;
		};
		C0AD61EF25DC13BC0024670D /* Resources */ = {
			isa = PBXResourcesBuildPhase;
			buildActionMask = 2147483647;
			files = (
			);
			runOnlyForDeploymentPostprocessing = 0;
		};
/* End PBXResourcesBuildPhase section */

/* Begin PBXShellScriptBuildPhase section */
		156DD3863FA41B35D1C284FF /* [CP] Embed Pods Frameworks */ = {
			isa = PBXShellScriptBuildPhase;
			buildActionMask = 2147483647;
			files = (
			);
			inputFileListPaths = (
				"${PODS_ROOT}/Target Support Files/Pods-flixster-flixsterUITests/Pods-flixster-flixsterUITests-frameworks-${CONFIGURATION}-input-files.xcfilelist",
			);
			name = "[CP] Embed Pods Frameworks";
			outputFileListPaths = (
				"${PODS_ROOT}/Target Support Files/Pods-flixster-flixsterUITests/Pods-flixster-flixsterUITests-frameworks-${CONFIGURATION}-output-files.xcfilelist",
			);
			runOnlyForDeploymentPostprocessing = 0;
			shellPath = /bin/sh;
			shellScript = "\"${PODS_ROOT}/Target Support Files/Pods-flixster-flixsterUITests/Pods-flixster-flixsterUITests-frameworks.sh\"\n";
			showEnvVarsInLog = 0;
		};
		389FAD5A56FA8E97A463DA21 /* [CP] Check Pods Manifest.lock */ = {
			isa = PBXShellScriptBuildPhase;
			buildActionMask = 2147483647;
			files = (
			);
			inputFileListPaths = (
			);
			inputPaths = (
				"${PODS_PODFILE_DIR_PATH}/Podfile.lock",
				"${PODS_ROOT}/Manifest.lock",
			);
			name = "[CP] Check Pods Manifest.lock";
			outputFileListPaths = (
			);
			outputPaths = (
				"$(DERIVED_FILE_DIR)/Pods-flixsterTests-checkManifestLockResult.txt",
			);
			runOnlyForDeploymentPostprocessing = 0;
			shellPath = /bin/sh;
			shellScript = "diff \"${PODS_PODFILE_DIR_PATH}/Podfile.lock\" \"${PODS_ROOT}/Manifest.lock\" > /dev/null\nif [ $? != 0 ] ; then\n    # print error to STDERR\n    echo \"error: The sandbox is not in sync with the Podfile.lock. Run 'pod install' or update your CocoaPods installation.\" >&2\n    exit 1\nfi\n# This output is used by Xcode 'outputs' to avoid re-running this script phase.\necho \"SUCCESS\" > \"${SCRIPT_OUTPUT_FILE_0}\"\n";
			showEnvVarsInLog = 0;
		};
		4A5D2B1635BF928E58D67A1F /* [CP] Check Pods Manifest.lock */ = {
			isa = PBXShellScriptBuildPhase;
			buildActionMask = 2147483647;
			files = (
			);
			inputFileListPaths = (
			);
			inputPaths = (
				"${PODS_PODFILE_DIR_PATH}/Podfile.lock",
				"${PODS_ROOT}/Manifest.lock",
			);
			name = "[CP] Check Pods Manifest.lock";
			outputFileListPaths = (
			);
			outputPaths = (
				"$(DERIVED_FILE_DIR)/Pods-flixster-checkManifestLockResult.txt",
			);
			runOnlyForDeploymentPostprocessing = 0;
			shellPath = /bin/sh;
			shellScript = "diff \"${PODS_PODFILE_DIR_PATH}/Podfile.lock\" \"${PODS_ROOT}/Manifest.lock\" > /dev/null\nif [ $? != 0 ] ; then\n    # print error to STDERR\n    echo \"error: The sandbox is not in sync with the Podfile.lock. Run 'pod install' or update your CocoaPods installation.\" >&2\n    exit 1\nfi\n# This output is used by Xcode 'outputs' to avoid re-running this script phase.\necho \"SUCCESS\" > \"${SCRIPT_OUTPUT_FILE_0}\"\n";
			showEnvVarsInLog = 0;
		};
		DF209AB7AEB79D6CD317C031 /* [CP] Embed Pods Frameworks */ = {
			isa = PBXShellScriptBuildPhase;
			buildActionMask = 2147483647;
			files = (
			);
			inputFileListPaths = (
				"${PODS_ROOT}/Target Support Files/Pods-flixster/Pods-flixster-frameworks-${CONFIGURATION}-input-files.xcfilelist",
			);
			name = "[CP] Embed Pods Frameworks";
			outputFileListPaths = (
				"${PODS_ROOT}/Target Support Files/Pods-flixster/Pods-flixster-frameworks-${CONFIGURATION}-output-files.xcfilelist",
			);
			runOnlyForDeploymentPostprocessing = 0;
			shellPath = /bin/sh;
			shellScript = "\"${PODS_ROOT}/Target Support Files/Pods-flixster/Pods-flixster-frameworks.sh\"\n";
			showEnvVarsInLog = 0;
		};
		F73493760750781DF4094BF6 /* [CP] Check Pods Manifest.lock */ = {
			isa = PBXShellScriptBuildPhase;
			buildActionMask = 2147483647;
			files = (
			);
			inputFileListPaths = (
			);
			inputPaths = (
				"${PODS_PODFILE_DIR_PATH}/Podfile.lock",
				"${PODS_ROOT}/Manifest.lock",
			);
			name = "[CP] Check Pods Manifest.lock";
			outputFileListPaths = (
			);
			outputPaths = (
				"$(DERIVED_FILE_DIR)/Pods-flixster-flixsterUITests-checkManifestLockResult.txt",
			);
			runOnlyForDeploymentPostprocessing = 0;
			shellPath = /bin/sh;
			shellScript = "diff \"${PODS_PODFILE_DIR_PATH}/Podfile.lock\" \"${PODS_ROOT}/Manifest.lock\" > /dev/null\nif [ $? != 0 ] ; then\n    # print error to STDERR\n    echo \"error: The sandbox is not in sync with the Podfile.lock. Run 'pod install' or update your CocoaPods installation.\" >&2\n    exit 1\nfi\n# This output is used by Xcode 'outputs' to avoid re-running this script phase.\necho \"SUCCESS\" > \"${SCRIPT_OUTPUT_FILE_0}\"\n";
			showEnvVarsInLog = 0;
		};
/* End PBXShellScriptBuildPhase section */

/* Begin PBXSourcesBuildPhase section */
		C0AD61CC25DC13B60024670D /* Sources */ = {
			isa = PBXSourcesBuildPhase;
			buildActionMask = 2147483647;
			files = (
				C0AD61D425DC13B60024670D /* AppDelegate.swift in Sources */,
				C0AD61D625DC13B60024670D /* SceneDelegate.swift in Sources */,
				C0AD622425DC26EC0024670D /* MovieCell.swift in Sources */,
				C0AD620425DC156D0024670D /* MoviesViewController.swift in Sources */,
			);
			runOnlyForDeploymentPostprocessing = 0;
		};
		C0AD61E225DC13BC0024670D /* Sources */ = {
			isa = PBXSourcesBuildPhase;
			buildActionMask = 2147483647;
			files = (
				C0AD61EB25DC13BC0024670D /* flixsterTests.swift in Sources */,
			);
			runOnlyForDeploymentPostprocessing = 0;
		};
		C0AD61ED25DC13BC0024670D /* Sources */ = {
			isa = PBXSourcesBuildPhase;
			buildActionMask = 2147483647;
			files = (
				C0AD61F625DC13BC0024670D /* flixsterUITests.swift in Sources */,
			);
			runOnlyForDeploymentPostprocessing = 0;
		};
/* End PBXSourcesBuildPhase section */

/* Begin PBXTargetDependency section */
		C0AD61E825DC13BC0024670D /* PBXTargetDependency */ = {
			isa = PBXTargetDependency;
			target = C0AD61CF25DC13B60024670D /* flixster */;
			targetProxy = C0AD61E725DC13BC0024670D /* PBXContainerItemProxy */;
		};
		C0AD61F325DC13BC0024670D /* PBXTargetDependency */ = {
			isa = PBXTargetDependency;
			target = C0AD61CF25DC13B60024670D /* flixster */;
			targetProxy = C0AD61F225DC13BC0024670D /* PBXContainerItemProxy */;
		};
/* End PBXTargetDependency section */

/* Begin PBXVariantGroup section */
		C0AD61D925DC13B60024670D /* Main.storyboard */ = {
			isa = PBXVariantGroup;
			children = (
				C0AD61DA25DC13B60024670D /* Base */,
			);
			name = Main.storyboard;
			sourceTree = "<group>";
		};
/* End PBXVariantGroup section */

/* Begin XCBuildConfiguration section */
		C0AD61F825DC13BC0024670D /* Debug */ = {
			isa = XCBuildConfiguration;
			buildSettings = {
				ALWAYS_SEARCH_USER_PATHS = NO;
				CLANG_ANALYZER_NONNULL = YES;
				CLANG_ANALYZER_NUMBER_OBJECT_CONVERSION = YES_AGGRESSIVE;
				CLANG_CXX_LANGUAGE_STANDARD = "gnu++14";
				CLANG_CXX_LIBRARY = "libc++";
				CLANG_ENABLE_MODULES = YES;
				CLANG_ENABLE_OBJC_ARC = YES;
				CLANG_ENABLE_OBJC_WEAK = YES;
				CLANG_WARN_BLOCK_CAPTURE_AUTORELEASING = YES;
				CLANG_WARN_BOOL_CONVERSION = YES;
				CLANG_WARN_COMMA = YES;
				CLANG_WARN_CONSTANT_CONVERSION = YES;
				CLANG_WARN_DEPRECATED_OBJC_IMPLEMENTATIONS = YES;
				CLANG_WARN_DIRECT_OBJC_ISA_USAGE = YES_ERROR;
				CLANG_WARN_DOCUMENTATION_COMMENTS = YES;
				CLANG_WARN_EMPTY_BODY = YES;
				CLANG_WARN_ENUM_CONVERSION = YES;
				CLANG_WARN_INFINITE_RECURSION = YES;
				CLANG_WARN_INT_CONVERSION = YES;
				CLANG_WARN_NON_LITERAL_NULL_CONVERSION = YES;
				CLANG_WARN_OBJC_IMPLICIT_RETAIN_SELF = YES;
				CLANG_WARN_OBJC_LITERAL_CONVERSION = YES;
				CLANG_WARN_OBJC_ROOT_CLASS = YES_ERROR;
				CLANG_WARN_RANGE_LOOP_ANALYSIS = YES;
				CLANG_WARN_STRICT_PROTOTYPES = YES;
				CLANG_WARN_SUSPICIOUS_MOVE = YES;
				CLANG_WARN_UNGUARDED_AVAILABILITY = YES_AGGRESSIVE;
				CLANG_WARN_UNREACHABLE_CODE = YES;
				CLANG_WARN__DUPLICATE_METHOD_MATCH = YES;
				COPY_PHASE_STRIP = NO;
				DEBUG_INFORMATION_FORMAT = dwarf;
				ENABLE_STRICT_OBJC_MSGSEND = YES;
				ENABLE_TESTABILITY = YES;
				GCC_C_LANGUAGE_STANDARD = gnu11;
				GCC_DYNAMIC_NO_PIC = NO;
				GCC_NO_COMMON_BLOCKS = YES;
				GCC_OPTIMIZATION_LEVEL = 0;
				GCC_PREPROCESSOR_DEFINITIONS = (
					"DEBUG=1",
					"$(inherited)",
				);
				GCC_WARN_64_TO_32_BIT_CONVERSION = YES;
				GCC_WARN_ABOUT_RETURN_TYPE = YES_ERROR;
				GCC_WARN_UNDECLARED_SELECTOR = YES;
				GCC_WARN_UNINITIALIZED_AUTOS = YES_AGGRESSIVE;
				GCC_WARN_UNUSED_FUNCTION = YES;
				GCC_WARN_UNUSED_VARIABLE = YES;
				IPHONEOS_DEPLOYMENT_TARGET = 13.2;
				MTL_ENABLE_DEBUG_INFO = INCLUDE_SOURCE;
				MTL_FAST_MATH = YES;
				ONLY_ACTIVE_ARCH = YES;
				SDKROOT = iphoneos;
				SWIFT_ACTIVE_COMPILATION_CONDITIONS = DEBUG;
				SWIFT_OPTIMIZATION_LEVEL = "-Onone";
			};
			name = Debug;
		};
		C0AD61F925DC13BC0024670D /* Release */ = {
			isa = XCBuildConfiguration;
			buildSettings = {
				ALWAYS_SEARCH_USER_PATHS = NO;
				CLANG_ANALYZER_NONNULL = YES;
				CLANG_ANALYZER_NUMBER_OBJECT_CONVERSION = YES_AGGRESSIVE;
				CLANG_CXX_LANGUAGE_STANDARD = "gnu++14";
				CLANG_CXX_LIBRARY = "libc++";
				CLANG_ENABLE_MODULES = YES;
				CLANG_ENABLE_OBJC_ARC = YES;
				CLANG_ENABLE_OBJC_WEAK = YES;
				CLANG_WARN_BLOCK_CAPTURE_AUTORELEASING = YES;
				CLANG_WARN_BOOL_CONVERSION = YES;
				CLANG_WARN_COMMA = YES;
				CLANG_WARN_CONSTANT_CONVERSION = YES;
				CLANG_WARN_DEPRECATED_OBJC_IMPLEMENTATIONS = YES;
				CLANG_WARN_DIRECT_OBJC_ISA_USAGE = YES_ERROR;
				CLANG_WARN_DOCUMENTATION_COMMENTS = YES;
				CLANG_WARN_EMPTY_BODY = YES;
				CLANG_WARN_ENUM_CONVERSION = YES;
				CLANG_WARN_INFINITE_RECURSION = YES;
				CLANG_WARN_INT_CONVERSION = YES;
				CLANG_WARN_NON_LITERAL_NULL_CONVERSION = YES;
				CLANG_WARN_OBJC_IMPLICIT_RETAIN_SELF = YES;
				CLANG_WARN_OBJC_LITERAL_CONVERSION = YES;
				CLANG_WARN_OBJC_ROOT_CLASS = YES_ERROR;
				CLANG_WARN_RANGE_LOOP_ANALYSIS = YES;
				CLANG_WARN_STRICT_PROTOTYPES = YES;
				CLANG_WARN_SUSPICIOUS_MOVE = YES;
				CLANG_WARN_UNGUARDED_AVAILABILITY = YES_AGGRESSIVE;
				CLANG_WARN_UNREACHABLE_CODE = YES;
				CLANG_WARN__DUPLICATE_METHOD_MATCH = YES;
				COPY_PHASE_STRIP = NO;
				DEBUG_INFORMATION_FORMAT = "dwarf-with-dsym";
				ENABLE_NS_ASSERTIONS = NO;
				ENABLE_STRICT_OBJC_MSGSEND = YES;
				GCC_C_LANGUAGE_STANDARD = gnu11;
				GCC_NO_COMMON_BLOCKS = YES;
				GCC_WARN_64_TO_32_BIT_CONVERSION = YES;
				GCC_WARN_ABOUT_RETURN_TYPE = YES_ERROR;
				GCC_WARN_UNDECLARED_SELECTOR = YES;
				GCC_WARN_UNINITIALIZED_AUTOS = YES_AGGRESSIVE;
				GCC_WARN_UNUSED_FUNCTION = YES;
				GCC_WARN_UNUSED_VARIABLE = YES;
				IPHONEOS_DEPLOYMENT_TARGET = 13.2;
				MTL_ENABLE_DEBUG_INFO = NO;
				MTL_FAST_MATH = YES;
				SDKROOT = iphoneos;
				SWIFT_COMPILATION_MODE = wholemodule;
				SWIFT_OPTIMIZATION_LEVEL = "-O";
				VALIDATE_PRODUCT = YES;
			};
			name = Release;
		};
		C0AD61FB25DC13BC0024670D /* Debug */ = {
			isa = XCBuildConfiguration;
			baseConfigurationReference = 98B544872A755FE11ABC0DF9 /* Pods-flixster.debug.xcconfig */;
			buildSettings = {
				ASSETCATALOG_COMPILER_APPICON_NAME = AppIcon;
				CODE_SIGN_STYLE = Automatic;
				INFOPLIST_FILE = flixster/Info.plist;
				LD_RUNPATH_SEARCH_PATHS = (
					"$(inherited)",
					"@executable_path/Frameworks",
				);
				PRODUCT_BUNDLE_IDENTIFIER = com.yajurtomar.flixster;
				PRODUCT_NAME = "$(TARGET_NAME)";
				SWIFT_VERSION = 5.0;
				TARGETED_DEVICE_FAMILY = "1,2";
			};
			name = Debug;
		};
		C0AD61FC25DC13BC0024670D /* Release */ = {
			isa = XCBuildConfiguration;
			baseConfigurationReference = 14754A5B64132B2EDFBEF7FC /* Pods-flixster.release.xcconfig */;
			buildSettings = {
				ASSETCATALOG_COMPILER_APPICON_NAME = AppIcon;
				CODE_SIGN_STYLE = Automatic;
				INFOPLIST_FILE = flixster/Info.plist;
				LD_RUNPATH_SEARCH_PATHS = (
					"$(inherited)",
					"@executable_path/Frameworks",
				);
				PRODUCT_BUNDLE_IDENTIFIER = com.yajurtomar.flixster;
				PRODUCT_NAME = "$(TARGET_NAME)";
				SWIFT_VERSION = 5.0;
				TARGETED_DEVICE_FAMILY = "1,2";
			};
			name = Release;
		};
		C0AD61FE25DC13BC0024670D /* Debug */ = {
			isa = XCBuildConfiguration;
			baseConfigurationReference = 43A0D0AA6A9A24FEB22ADD5E /* Pods-flixsterTests.debug.xcconfig */;
			buildSettings = {
				ALWAYS_EMBED_SWIFT_STANDARD_LIBRARIES = YES;
				BUNDLE_LOADER = "$(TEST_HOST)";
				CODE_SIGN_STYLE = Automatic;
				INFOPLIST_FILE = flixsterTests/Info.plist;
				IPHONEOS_DEPLOYMENT_TARGET = 13.2;
				LD_RUNPATH_SEARCH_PATHS = (
					"$(inherited)",
					"@executable_path/Frameworks",
					"@loader_path/Frameworks",
				);
				PRODUCT_BUNDLE_IDENTIFIER = com.yajurtomar.flixsterTests;
				PRODUCT_NAME = "$(TARGET_NAME)";
				SWIFT_VERSION = 5.0;
				TARGETED_DEVICE_FAMILY = "1,2";
				TEST_HOST = "$(BUILT_PRODUCTS_DIR)/flixster.app/flixster";
			};
			name = Debug;
		};
		C0AD61FF25DC13BC0024670D /* Release */ = {
			isa = XCBuildConfiguration;
			baseConfigurationReference = D4027D6C8EF0DC65CF4347D7 /* Pods-flixsterTests.release.xcconfig */;
			buildSettings = {
				ALWAYS_EMBED_SWIFT_STANDARD_LIBRARIES = YES;
				BUNDLE_LOADER = "$(TEST_HOST)";
				CODE_SIGN_STYLE = Automatic;
				INFOPLIST_FILE = flixsterTests/Info.plist;
				IPHONEOS_DEPLOYMENT_TARGET = 13.2;
				LD_RUNPATH_SEARCH_PATHS = (
					"$(inherited)",
					"@executable_path/Frameworks",
					"@loader_path/Frameworks",
				);
				PRODUCT_BUNDLE_IDENTIFIER = com.yajurtomar.flixsterTests;
				PRODUCT_NAME = "$(TARGET_NAME)";
				SWIFT_VERSION = 5.0;
				TARGETED_DEVICE_FAMILY = "1,2";
				TEST_HOST = "$(BUILT_PRODUCTS_DIR)/flixster.app/flixster";
			};
			name = Release;
		};
		C0AD620125DC13BC0024670D /* Debug */ = {
			isa = XCBuildConfiguration;
			baseConfigurationReference = C5C65639FE591B1703E13875 /* Pods-flixster-flixsterUITests.debug.xcconfig */;
			buildSettings = {
				ALWAYS_EMBED_SWIFT_STANDARD_LIBRARIES = YES;
				CODE_SIGN_STYLE = Automatic;
				INFOPLIST_FILE = flixsterUITests/Info.plist;
				LD_RUNPATH_SEARCH_PATHS = (
					"$(inherited)",
					"@executable_path/Frameworks",
					"@loader_path/Frameworks",
				);
				PRODUCT_BUNDLE_IDENTIFIER = com.yajurtomar.flixsterUITests;
				PRODUCT_NAME = "$(TARGET_NAME)";
				SWIFT_VERSION = 5.0;
				TARGETED_DEVICE_FAMILY = "1,2";
				TEST_TARGET_NAME = flixster;
			};
			name = Debug;
		};
		C0AD620225DC13BC0024670D /* Release */ = {
			isa = XCBuildConfiguration;
			baseConfigurationReference = D707EA541A70AD78A53B5A53 /* Pods-flixster-flixsterUITests.release.xcconfig */;
			buildSettings = {
				ALWAYS_EMBED_SWIFT_STANDARD_LIBRARIES = YES;
				CODE_SIGN_STYLE = Automatic;
				INFOPLIST_FILE = flixsterUITests/Info.plist;
				LD_RUNPATH_SEARCH_PATHS = (
					"$(inherited)",
					"@executable_path/Frameworks",
					"@loader_path/Frameworks",
				);
				PRODUCT_BUNDLE_IDENTIFIER = com.yajurtomar.flixsterUITests;
				PRODUCT_NAME = "$(TARGET_NAME)";
				SWIFT_VERSION = 5.0;
				TARGETED_DEVICE_FAMILY = "1,2";
				TEST_TARGET_NAME = flixster;
			};
			name = Release;
		};
/* End XCBuildConfiguration section */

/* Begin XCConfigurationList section */
		C0AD61CB25DC13B60024670D /* Build configuration list for PBXProject "flixster" */ = {
			isa = XCConfigurationList;
			buildConfigurations = (
				C0AD61F825DC13BC0024670D /* Debug */,
				C0AD61F925DC13BC0024670D /* Release */,
			);
			defaultConfigurationIsVisible = 0;
			defaultConfigurationName = Release;
		};
		C0AD61FA25DC13BC0024670D /* Build configuration list for PBXNativeTarget "flixster" */ = {
			isa = XCConfigurationList;
			buildConfigurations = (
				C0AD61FB25DC13BC0024670D /* Debug */,
				C0AD61FC25DC13BC0024670D /* Release */,
			);
			defaultConfigurationIsVisible = 0;
			defaultConfigurationName = Release;
		};
		C0AD61FD25DC13BC0024670D /* Build configuration list for PBXNativeTarget "flixsterTests" */ = {
			isa = XCConfigurationList;
			buildConfigurations = (
				C0AD61FE25DC13BC0024670D /* Debug */,
				C0AD61FF25DC13BC0024670D /* Release */,
			);
			defaultConfigurationIsVisible = 0;
			defaultConfigurationName = Release;
		};
		C0AD620025DC13BC0024670D /* Build configuration list for PBXNativeTarget "flixsterUITests" */ = {
			isa = XCConfigurationList;
			buildConfigurations = (
				C0AD620125DC13BC0024670D /* Debug */,
				C0AD620225DC13BC0024670D /* Release */,
			);
			defaultConfigurationIsVisible = 0;
			defaultConfigurationName = Release;
		};
/* End XCConfigurationList section */
	};
	rootObject = C0AD61C825DC13B60024670D /* Project object */;
}
